
Microsoft Visual Studio Solution File, Format Version 12.00
# Visual Studio Version 17
VisualStudioVersion = 17.6.33723.286
MinimumVisualStudioVersion = 10.0.40219.1
Project("{FAE04EC0-301F-11D3-BF4B-00C04F79EFBC}") = "озеленяване", "озеленяване\озеленяване.csproj", "{133BFB69-613D-403B-ACDE-437BAD5CD075}"
EndProject
Global
	GlobalSection(SolutionConfigurationPlatforms) = preSolution
		Debug|Any CPU = Debug|Any CPU
		Release|Any CPU = Release|Any CPU
	EndGlobalSection
	GlobalSection(ProjectConfigurationPlatforms) = postSolution
		{133BFB69-613D-403B-ACDE-437BAD5CD075}.Debug|Any CPU.ActiveCfg = Debug|Any CPU
		{133BFB69-613D-403B-ACDE-437BAD5CD075}.Debug|Any CPU.Build.0 = Debug|Any CPU
		{133BFB69-613D-403B-ACDE-437BAD5CD075}.Release|Any CPU.ActiveCfg = Release|Any CPU
		{133BFB69-613D-403B-ACDE-437BAD5CD075}.Release|Any CPU.Build.0 = Release|Any CPU
	EndGlobalSection
	GlobalSection(SolutionProperties) = preSolution
		HideSolutionNode = FALSE
	EndGlobalSection
	GlobalSection(ExtensibilityGlobals) = postSolution
		SolutionGuid = {819CEAA2-3E65-4395-9750-43D837E3F838}
	EndGlobalSection
EndGlobal
