
Microsoft Visual Studio Solution File, Format Version 12.00
# Visual Studio Version 17
VisualStudioVersion = 17.6.33815.320
MinimumVisualStudioVersion = 10.0.40219.1
Project("{FAE04EC0-301F-11D3-BF4B-00C04F79EFBC}") = "01. Day of week", "01. Day of week\01. Day of week.csproj", "{19DBE86A-D2F4-4EE5-9D2F-931268CAC8F7}"
EndProject
Project("{FAE04EC0-301F-11D3-BF4B-00C04F79EFBC}") = "02.Weekend or Working Day", "02.Weekend or Working Day\02.Weekend or Working Day.csproj", "{53097562-DE43-4931-8C4A-04609D22CAFE}"
EndProject
Project("{FAE04EC0-301F-11D3-BF4B-00C04F79EFBC}") = "03. Animal Type", "03. Animal Type\03. Animal Type.csproj", "{3B2141CC-8268-45D9-BCB8-443AB18ECF4E}"
EndProject
Project("{FAE04EC0-301F-11D3-BF4B-00C04F79EFBC}") = "04. Personal Titles", "04. Personal Titles\04. Personal Titles.csproj", "{4C29AA01-8FA4-42B7-94F5-CABA0B4E5012}"
EndProject
Project("{FAE04EC0-301F-11D3-BF4B-00C04F79EFBC}") = "05. Small Shop", "05. Small Shop\05. Small Shop.csproj", "{CCFD92B0-0600-4EC4-AF3A-DDE14475B474}"
EndProject
Project("{FAE04EC0-301F-11D3-BF4B-00C04F79EFBC}") = "06. Number in Range", "06. Number in Range\06. Number in Range.csproj", "{E47BDDBD-0303-4F1C-B15D-6D6C2750B1D3}"
EndProject
Project("{FAE04EC0-301F-11D3-BF4B-00C04F79EFBC}") = "07.Working Hours", "07.Working Hours\07.Working Hours.csproj", "{035E66DB-7E7F-48BB-AAAB-DC444B7C609C}"
EndProject
Project("{FAE04EC0-301F-11D3-BF4B-00C04F79EFBC}") = "08.Cinema Ticket", "08.Cinema Ticket\08.Cinema Ticket.csproj", "{EA308746-0F1B-4035-8741-BDBA34E42A07}"
EndProject
Project("{FAE04EC0-301F-11D3-BF4B-00C04F79EFBC}") = "09. Fruit or Vegetable", "09. Fruit or Vegetable\09. Fruit or Vegetable.csproj", "{556BD195-2E62-4186-A49D-FFEB63A54B27}"
EndProject
Project("{FAE04EC0-301F-11D3-BF4B-00C04F79EFBC}") = "10. Invalid Number", "10. Invalid Number\10. Invalid Number.csproj", "{54CFA84D-1466-4EA6-BBA6-DEF9D615F482}"
EndProject
Project("{FAE04EC0-301F-11D3-BF4B-00C04F79EFBC}") = "11. Fruit Shop", "11. Fruit Shop\11. Fruit Shop.csproj", "{2C238BB0-635C-40A6-AC5A-BB9F1F7DD4D5}"
EndProject
Project("{FAE04EC0-301F-11D3-BF4B-00C04F79EFBC}") = "12. Trade Commissions", "12. Trade Commissions\12. Trade Commissions.csproj", "{47030A8A-BEF1-4B1F-9F71-B9186A372E20}"
EndProject
Global
	GlobalSection(SolutionConfigurationPlatforms) = preSolution
		Debug|Any CPU = Debug|Any CPU
		Release|Any CPU = Release|Any CPU
	EndGlobalSection
	GlobalSection(ProjectConfigurationPlatforms) = postSolution
		{19DBE86A-D2F4-4EE5-9D2F-931268CAC8F7}.Debug|Any CPU.ActiveCfg = Debug|Any CPU
		{19DBE86A-D2F4-4EE5-9D2F-931268CAC8F7}.Debug|Any CPU.Build.0 = Debug|Any CPU
		{19DBE86A-D2F4-4EE5-9D2F-931268CAC8F7}.Release|Any CPU.ActiveCfg = Release|Any CPU
		{19DBE86A-D2F4-4EE5-9D2F-931268CAC8F7}.Release|Any CPU.Build.0 = Release|Any CPU
		{53097562-DE43-4931-8C4A-04609D22CAFE}.Debug|Any CPU.ActiveCfg = Debug|Any CPU
		{53097562-DE43-4931-8C4A-04609D22CAFE}.Debug|Any CPU.Build.0 = Debug|Any CPU
		{53097562-DE43-4931-8C4A-04609D22CAFE}.Release|Any CPU.ActiveCfg = Release|Any CPU
		{53097562-DE43-4931-8C4A-04609D22CAFE}.Release|Any CPU.Build.0 = Release|Any CPU
		{3B2141CC-8268-45D9-BCB8-443AB18ECF4E}.Debug|Any CPU.ActiveCfg = Debug|Any CPU
		{3B2141CC-8268-45D9-BCB8-443AB18ECF4E}.Debug|Any CPU.Build.0 = Debug|Any CPU
		{3B2141CC-8268-45D9-BCB8-443AB18ECF4E}.Release|Any CPU.ActiveCfg = Release|Any CPU
		{3B2141CC-8268-45D9-BCB8-443AB18ECF4E}.Release|Any CPU.Build.0 = Release|Any CPU
		{4C29AA01-8FA4-42B7-94F5-CABA0B4E5012}.Debug|Any CPU.ActiveCfg = Debug|Any CPU
		{4C29AA01-8FA4-42B7-94F5-CABA0B4E5012}.Debug|Any CPU.Build.0 = Debug|Any CPU
		{4C29AA01-8FA4-42B7-94F5-CABA0B4E5012}.Release|Any CPU.ActiveCfg = Release|Any CPU
		{4C29AA01-8FA4-42B7-94F5-CABA0B4E5012}.Release|Any CPU.Build.0 = Release|Any CPU
		{CCFD92B0-0600-4EC4-AF3A-DDE14475B474}.Debug|Any CPU.ActiveCfg = Debug|Any CPU
		{CCFD92B0-0600-4EC4-AF3A-DDE14475B474}.Debug|Any CPU.Build.0 = Debug|Any CPU
		{CCFD92B0-0600-4EC4-AF3A-DDE14475B474}.Release|Any CPU.ActiveCfg = Release|Any CPU
		{CCFD92B0-0600-4EC4-AF3A-DDE14475B474}.Release|Any CPU.Build.0 = Release|Any CPU
		{E47BDDBD-0303-4F1C-B15D-6D6C2750B1D3}.Debug|Any CPU.ActiveCfg = Debug|Any CPU
		{E47BDDBD-0303-4F1C-B15D-6D6C2750B1D3}.Debug|Any CPU.Build.0 = Debug|Any CPU
		{E47BDDBD-0303-4F1C-B15D-6D6C2750B1D3}.Release|Any CPU.ActiveCfg = Release|Any CPU
		{E47BDDBD-0303-4F1C-B15D-6D6C2750B1D3}.Release|Any CPU.Build.0 = Release|Any CPU
		{035E66DB-7E7F-48BB-AAAB-DC444B7C609C}.Debug|Any CPU.ActiveCfg = Debug|Any CPU
		{035E66DB-7E7F-48BB-AAAB-DC444B7C609C}.Debug|Any CPU.Build.0 = Debug|Any CPU
		{035E66DB-7E7F-48BB-AAAB-DC444B7C609C}.Release|Any CPU.ActiveCfg = Release|Any CPU
		{035E66DB-7E7F-48BB-AAAB-DC444B7C609C}.Release|Any CPU.Build.0 = Release|Any CPU
		{EA308746-0F1B-4035-8741-BDBA34E42A07}.Debug|Any CPU.ActiveCfg = Debug|Any CPU
		{EA308746-0F1B-4035-8741-BDBA34E42A07}.Debug|Any CPU.Build.0 = Debug|Any CPU
		{EA308746-0F1B-4035-8741-BDBA34E42A07}.Release|Any CPU.ActiveCfg = Release|Any CPU
		{EA308746-0F1B-4035-8741-BDBA34E42A07}.Release|Any CPU.Build.0 = Release|Any CPU
		{556BD195-2E62-4186-A49D-FFEB63A54B27}.Debug|Any CPU.ActiveCfg = Debug|Any CPU
		{556BD195-2E62-4186-A49D-FFEB63A54B27}.Debug|Any CPU.Build.0 = Debug|Any CPU
		{556BD195-2E62-4186-A49D-FFEB63A54B27}.Release|Any CPU.ActiveCfg = Release|Any CPU
		{556BD195-2E62-4186-A49D-FFEB63A54B27}.Release|Any CPU.Build.0 = Release|Any CPU
		{54CFA84D-1466-4EA6-BBA6-DEF9D615F482}.Debug|Any CPU.ActiveCfg = Debug|Any CPU
		{54CFA84D-1466-4EA6-BBA6-DEF9D615F482}.Debug|Any CPU.Build.0 = Debug|Any CPU
		{54CFA84D-1466-4EA6-BBA6-DEF9D615F482}.Release|Any CPU.ActiveCfg = Release|Any CPU
		{54CFA84D-1466-4EA6-BBA6-DEF9D615F482}.Release|Any CPU.Build.0 = Release|Any CPU
		{2C238BB0-635C-40A6-AC5A-BB9F1F7DD4D5}.Debug|Any CPU.ActiveCfg = Debug|Any CPU
		{2C238BB0-635C-40A6-AC5A-BB9F1F7DD4D5}.Debug|Any CPU.Build.0 = Debug|Any CPU
		{2C238BB0-635C-40A6-AC5A-BB9F1F7DD4D5}.Release|Any CPU.ActiveCfg = Release|Any CPU
		{2C238BB0-635C-40A6-AC5A-BB9F1F7DD4D5}.Release|Any CPU.Build.0 = Release|Any CPU
		{47030A8A-BEF1-4B1F-9F71-B9186A372E20}.Debug|Any CPU.ActiveCfg = Debug|Any CPU
		{47030A8A-BEF1-4B1F-9F71-B9186A372E20}.Debug|Any CPU.Build.0 = Debug|Any CPU
		{47030A8A-BEF1-4B1F-9F71-B9186A372E20}.Release|Any CPU.ActiveCfg = Release|Any CPU
		{47030A8A-BEF1-4B1F-9F71-B9186A372E20}.Release|Any CPU.Build.0 = Release|Any CPU
	EndGlobalSection
	GlobalSection(SolutionProperties) = preSolution
		HideSolutionNode = FALSE
	EndGlobalSection
	GlobalSection(ExtensibilityGlobals) = postSolution
		SolutionGuid = {3032F3BE-A5D9-43C0-8415-4B8101618A78}
	EndGlobalSection
EndGlobal
