
Microsoft Visual Studio Solution File, Format Version 12.00
# Visual Studio Version 17
VisualStudioVersion = 17.6.33723.286
MinimumVisualStudioVersion = 10.0.40219.1
Project("{FAE04EC0-301F-11D3-BF4B-00C04F79EFBC}") = "Conditional Statements - Lab", "Conditional Statements - Lab\Conditional Statements - Lab.csproj", "{B25560E3-B34C-4EFF-BB94-6136D7AD198B}"
EndProject
Project("{FAE04EC0-301F-11D3-BF4B-00C04F79EFBC}") = "Greater Number", "Greater Number\Greater Number.csproj", "{AA549217-3EAA-408F-B151-431F052C567F}"
EndProject
Project("{FAE04EC0-301F-11D3-BF4B-00C04F79EFBC}") = "Even or Odd", "Even or Odd\Even or Odd.csproj", "{7FEE420B-E8A9-4525-ABB9-422E91ADB402}"
EndProject
Project("{FAE04EC0-301F-11D3-BF4B-00C04F79EFBC}") = "Password Guess", "Password Guess\Password Guess.csproj", "{CE5CA99C-D057-4C42-9F2B-CB86AFFFED68}"
EndProject
Project("{FAE04EC0-301F-11D3-BF4B-00C04F79EFBC}") = "Number 100-200", "Number 100-200\Number 100-200.csproj", "{E9FF1FFF-CD6E-41E5-BCDB-8BF03C22045F}"
EndProject
Project("{FAE04EC0-301F-11D3-BF4B-00C04F79EFBC}") = "Speed Info", "Speed Info\Speed Info.csproj", "{1A65716D-6981-4512-9A1F-7056EF7E9838}"
EndProject
Project("{FAE04EC0-301F-11D3-BF4B-00C04F79EFBC}") = "Area of Figures", "Area of Figures\Area of Figures.csproj", "{622AA36A-A934-4F5A-8826-3BE5A23D76C9}"
EndProject
Global
	GlobalSection(SolutionConfigurationPlatforms) = preSolution
		Debug|Any CPU = Debug|Any CPU
		Release|Any CPU = Release|Any CPU
	EndGlobalSection
	GlobalSection(ProjectConfigurationPlatforms) = postSolution
		{B25560E3-B34C-4EFF-BB94-6136D7AD198B}.Debug|Any CPU.ActiveCfg = Debug|Any CPU
		{B25560E3-B34C-4EFF-BB94-6136D7AD198B}.Debug|Any CPU.Build.0 = Debug|Any CPU
		{B25560E3-B34C-4EFF-BB94-6136D7AD198B}.Release|Any CPU.ActiveCfg = Release|Any CPU
		{B25560E3-B34C-4EFF-BB94-6136D7AD198B}.Release|Any CPU.Build.0 = Release|Any CPU
		{AA549217-3EAA-408F-B151-431F052C567F}.Debug|Any CPU.ActiveCfg = Debug|Any CPU
		{AA549217-3EAA-408F-B151-431F052C567F}.Debug|Any CPU.Build.0 = Debug|Any CPU
		{AA549217-3EAA-408F-B151-431F052C567F}.Release|Any CPU.ActiveCfg = Release|Any CPU
		{AA549217-3EAA-408F-B151-431F052C567F}.Release|Any CPU.Build.0 = Release|Any CPU
		{7FEE420B-E8A9-4525-ABB9-422E91ADB402}.Debug|Any CPU.ActiveCfg = Debug|Any CPU
		{7FEE420B-E8A9-4525-ABB9-422E91ADB402}.Debug|Any CPU.Build.0 = Debug|Any CPU
		{7FEE420B-E8A9-4525-ABB9-422E91ADB402}.Release|Any CPU.ActiveCfg = Release|Any CPU
		{7FEE420B-E8A9-4525-ABB9-422E91ADB402}.Release|Any CPU.Build.0 = Release|Any CPU
		{CE5CA99C-D057-4C42-9F2B-CB86AFFFED68}.Debug|Any CPU.ActiveCfg = Debug|Any CPU
		{CE5CA99C-D057-4C42-9F2B-CB86AFFFED68}.Debug|Any CPU.Build.0 = Debug|Any CPU
		{CE5CA99C-D057-4C42-9F2B-CB86AFFFED68}.Release|Any CPU.ActiveCfg = Release|Any CPU
		{CE5CA99C-D057-4C42-9F2B-CB86AFFFED68}.Release|Any CPU.Build.0 = Release|Any CPU
		{E9FF1FFF-CD6E-41E5-BCDB-8BF03C22045F}.Debug|Any CPU.ActiveCfg = Debug|Any CPU
		{E9FF1FFF-CD6E-41E5-BCDB-8BF03C22045F}.Debug|Any CPU.Build.0 = Debug|Any CPU
		{E9FF1FFF-CD6E-41E5-BCDB-8BF03C22045F}.Release|Any CPU.ActiveCfg = Release|Any CPU
		{E9FF1FFF-CD6E-41E5-BCDB-8BF03C22045F}.Release|Any CPU.Build.0 = Release|Any CPU
		{1A65716D-6981-4512-9A1F-7056EF7E9838}.Debug|Any CPU.ActiveCfg = Debug|Any CPU
		{1A65716D-6981-4512-9A1F-7056EF7E9838}.Debug|Any CPU.Build.0 = Debug|Any CPU
		{1A65716D-6981-4512-9A1F-7056EF7E9838}.Release|Any CPU.ActiveCfg = Release|Any CPU
		{1A65716D-6981-4512-9A1F-7056EF7E9838}.Release|Any CPU.Build.0 = Release|Any CPU
		{622AA36A-A934-4F5A-8826-3BE5A23D76C9}.Debug|Any CPU.ActiveCfg = Debug|Any CPU
		{622AA36A-A934-4F5A-8826-3BE5A23D76C9}.Debug|Any CPU.Build.0 = Debug|Any CPU
		{622AA36A-A934-4F5A-8826-3BE5A23D76C9}.Release|Any CPU.ActiveCfg = Release|Any CPU
		{622AA36A-A934-4F5A-8826-3BE5A23D76C9}.Release|Any CPU.Build.0 = Release|Any CPU
	EndGlobalSection
	GlobalSection(SolutionProperties) = preSolution
		HideSolutionNode = FALSE
	EndGlobalSection
	GlobalSection(ExtensibilityGlobals) = postSolution
		SolutionGuid = {D24D93D8-4131-4603-A66E-4ACBB5257F62}
	EndGlobalSection
EndGlobal
