
Microsoft Visual Studio Solution File, Format Version 12.00
# Visual Studio Version 17
VisualStudioVersion = 17.6.33815.320
MinimumVisualStudioVersion = 10.0.40219.1
Project("{9A19103F-16F7-4668-BE54-9A1E7A4F7556}") = "01. Cinema", "Conditional Statements Advanced - Exercise\01. Cinema.csproj", "{2464AFD7-D990-420B-8414-AD9333DB1DF2}"
EndProject
Project("{9A19103F-16F7-4668-BE54-9A1E7A4F7556}") = "02. Summer Outfit", "02. Summer Outfit\02. Summer Outfit.csproj", "{CB5A0139-C1FF-427E-8177-4CE250D46BC4}"
EndProject
Project("{9A19103F-16F7-4668-BE54-9A1E7A4F7556}") = "03. New House", "03. New House\03. New House.csproj", "{8C22BF21-AFEB-4524-949E-FF2FD6415132}"
EndProject
Project("{9A19103F-16F7-4668-BE54-9A1E7A4F7556}") = "04. Fishing Boat", "04. Fishing Boat\04. Fishing Boat.csproj", "{6F96F4F3-6628-4FD8-AF71-E99B38AFDB85}"
EndProject
Project("{9A19103F-16F7-4668-BE54-9A1E7A4F7556}") = "04. Fishing boat new", "04. Fishing boat new\04. Fishing boat new.csproj", "{20371AA0-E545-4610-9B21-A84D57787460}"
EndProject
Project("{9A19103F-16F7-4668-BE54-9A1E7A4F7556}") = "04. Fishing boat ChatGPT 100points", "04. Fishing boat ChatGPT 100points\04. Fishing boat ChatGPT 100points.csproj", "{84377A0A-EEA7-40C6-B299-9E76322E970D}"
EndProject
Project("{9A19103F-16F7-4668-BE54-9A1E7A4F7556}") = "05. Journey", "05. Journey\05. Journey.csproj", "{0F6D88D4-4FFE-40BD-B877-A9E822008140}"
EndProject
Project("{9A19103F-16F7-4668-BE54-9A1E7A4F7556}") = "06. Operations Between Numbers", "06. Operations Between Numbers\06. Operations Between Numbers.csproj", "{98D1F13F-083F-4968-A91D-3E27E839134E}"
EndProject
Project("{9A19103F-16F7-4668-BE54-9A1E7A4F7556}") = "07. Hotel Room", "07. Hotel Room\07. Hotel Room.csproj", "{2376CD81-EED3-4B38-B9A1-4B55FF8B9268}"
EndProject
Project("{9A19103F-16F7-4668-BE54-9A1E7A4F7556}") = "08. On Time for the Exam", "08. On Time for the Exam\08. On Time for the Exam.csproj", "{F95D399C-D8BE-4FE6-9EF2-522AD12A4FC2}"
EndProject
Project("{FAE04EC0-301F-11D3-BF4B-00C04F79EFBC}") = "08. On Time for the Exam 2.0", "08. On Time for the Exam 2.0\08. On Time for the Exam 2.0.csproj", "{80EBC80D-0892-4C6F-847A-87AC8E010268}"
EndProject
Project("{FAE04EC0-301F-11D3-BF4B-00C04F79EFBC}") = "09. Ski Trip", "09. Ski Trip\09. Ski Trip.csproj", "{4F7DA002-86DA-454D-9AF8-92DC83391EC8}"
EndProject
Global
	GlobalSection(SolutionConfigurationPlatforms) = preSolution
		Debug|Any CPU = Debug|Any CPU
		Release|Any CPU = Release|Any CPU
	EndGlobalSection
	GlobalSection(ProjectConfigurationPlatforms) = postSolution
		{2464AFD7-D990-420B-8414-AD9333DB1DF2}.Debug|Any CPU.ActiveCfg = Debug|Any CPU
		{2464AFD7-D990-420B-8414-AD9333DB1DF2}.Debug|Any CPU.Build.0 = Debug|Any CPU
		{2464AFD7-D990-420B-8414-AD9333DB1DF2}.Release|Any CPU.ActiveCfg = Release|Any CPU
		{2464AFD7-D990-420B-8414-AD9333DB1DF2}.Release|Any CPU.Build.0 = Release|Any CPU
		{CB5A0139-C1FF-427E-8177-4CE250D46BC4}.Debug|Any CPU.ActiveCfg = Debug|Any CPU
		{CB5A0139-C1FF-427E-8177-4CE250D46BC4}.Debug|Any CPU.Build.0 = Debug|Any CPU
		{CB5A0139-C1FF-427E-8177-4CE250D46BC4}.Release|Any CPU.ActiveCfg = Release|Any CPU
		{CB5A0139-C1FF-427E-8177-4CE250D46BC4}.Release|Any CPU.Build.0 = Release|Any CPU
		{8C22BF21-AFEB-4524-949E-FF2FD6415132}.Debug|Any CPU.ActiveCfg = Debug|Any CPU
		{8C22BF21-AFEB-4524-949E-FF2FD6415132}.Debug|Any CPU.Build.0 = Debug|Any CPU
		{8C22BF21-AFEB-4524-949E-FF2FD6415132}.Release|Any CPU.ActiveCfg = Release|Any CPU
		{8C22BF21-AFEB-4524-949E-FF2FD6415132}.Release|Any CPU.Build.0 = Release|Any CPU
		{6F96F4F3-6628-4FD8-AF71-E99B38AFDB85}.Debug|Any CPU.ActiveCfg = Debug|Any CPU
		{6F96F4F3-6628-4FD8-AF71-E99B38AFDB85}.Debug|Any CPU.Build.0 = Debug|Any CPU
		{6F96F4F3-6628-4FD8-AF71-E99B38AFDB85}.Release|Any CPU.ActiveCfg = Release|Any CPU
		{6F96F4F3-6628-4FD8-AF71-E99B38AFDB85}.Release|Any CPU.Build.0 = Release|Any CPU
		{20371AA0-E545-4610-9B21-A84D57787460}.Debug|Any CPU.ActiveCfg = Debug|Any CPU
		{20371AA0-E545-4610-9B21-A84D57787460}.Debug|Any CPU.Build.0 = Debug|Any CPU
		{20371AA0-E545-4610-9B21-A84D57787460}.Release|Any CPU.ActiveCfg = Release|Any CPU
		{20371AA0-E545-4610-9B21-A84D57787460}.Release|Any CPU.Build.0 = Release|Any CPU
		{84377A0A-EEA7-40C6-B299-9E76322E970D}.Debug|Any CPU.ActiveCfg = Debug|Any CPU
		{84377A0A-EEA7-40C6-B299-9E76322E970D}.Debug|Any CPU.Build.0 = Debug|Any CPU
		{84377A0A-EEA7-40C6-B299-9E76322E970D}.Release|Any CPU.ActiveCfg = Release|Any CPU
		{84377A0A-EEA7-40C6-B299-9E76322E970D}.Release|Any CPU.Build.0 = Release|Any CPU
		{0F6D88D4-4FFE-40BD-B877-A9E822008140}.Debug|Any CPU.ActiveCfg = Debug|Any CPU
		{0F6D88D4-4FFE-40BD-B877-A9E822008140}.Debug|Any CPU.Build.0 = Debug|Any CPU
		{0F6D88D4-4FFE-40BD-B877-A9E822008140}.Release|Any CPU.ActiveCfg = Release|Any CPU
		{0F6D88D4-4FFE-40BD-B877-A9E822008140}.Release|Any CPU.Build.0 = Release|Any CPU
		{98D1F13F-083F-4968-A91D-3E27E839134E}.Debug|Any CPU.ActiveCfg = Debug|Any CPU
		{98D1F13F-083F-4968-A91D-3E27E839134E}.Debug|Any CPU.Build.0 = Debug|Any CPU
		{98D1F13F-083F-4968-A91D-3E27E839134E}.Release|Any CPU.ActiveCfg = Release|Any CPU
		{98D1F13F-083F-4968-A91D-3E27E839134E}.Release|Any CPU.Build.0 = Release|Any CPU
		{2376CD81-EED3-4B38-B9A1-4B55FF8B9268}.Debug|Any CPU.ActiveCfg = Debug|Any CPU
		{2376CD81-EED3-4B38-B9A1-4B55FF8B9268}.Debug|Any CPU.Build.0 = Debug|Any CPU
		{2376CD81-EED3-4B38-B9A1-4B55FF8B9268}.Release|Any CPU.ActiveCfg = Release|Any CPU
		{2376CD81-EED3-4B38-B9A1-4B55FF8B9268}.Release|Any CPU.Build.0 = Release|Any CPU
		{F95D399C-D8BE-4FE6-9EF2-522AD12A4FC2}.Debug|Any CPU.ActiveCfg = Debug|Any CPU
		{F95D399C-D8BE-4FE6-9EF2-522AD12A4FC2}.Debug|Any CPU.Build.0 = Debug|Any CPU
		{F95D399C-D8BE-4FE6-9EF2-522AD12A4FC2}.Release|Any CPU.ActiveCfg = Release|Any CPU
		{F95D399C-D8BE-4FE6-9EF2-522AD12A4FC2}.Release|Any CPU.Build.0 = Release|Any CPU
		{80EBC80D-0892-4C6F-847A-87AC8E010268}.Debug|Any CPU.ActiveCfg = Debug|Any CPU
		{80EBC80D-0892-4C6F-847A-87AC8E010268}.Debug|Any CPU.Build.0 = Debug|Any CPU
		{80EBC80D-0892-4C6F-847A-87AC8E010268}.Release|Any CPU.ActiveCfg = Release|Any CPU
		{80EBC80D-0892-4C6F-847A-87AC8E010268}.Release|Any CPU.Build.0 = Release|Any CPU
		{4F7DA002-86DA-454D-9AF8-92DC83391EC8}.Debug|Any CPU.ActiveCfg = Debug|Any CPU
		{4F7DA002-86DA-454D-9AF8-92DC83391EC8}.Debug|Any CPU.Build.0 = Debug|Any CPU
		{4F7DA002-86DA-454D-9AF8-92DC83391EC8}.Release|Any CPU.ActiveCfg = Release|Any CPU
		{4F7DA002-86DA-454D-9AF8-92DC83391EC8}.Release|Any CPU.Build.0 = Release|Any CPU
	EndGlobalSection
	GlobalSection(SolutionProperties) = preSolution
		HideSolutionNode = FALSE
	EndGlobalSection
	GlobalSection(ExtensibilityGlobals) = postSolution
		SolutionGuid = {8488F7BE-23B0-4239-8487-1CDA98E73027}
	EndGlobalSection
EndGlobal
