
Microsoft Visual Studio Solution File, Format Version 12.00
# Visual Studio Version 17
VisualStudioVersion = 17.6.33723.286
MinimumVisualStudioVersion = 10.0.40219.1
Project("{9A19103F-16F7-4668-BE54-9A1E7A4F7556}") = "01. Sum Seconds", "Conditional Statements - Exercise\01. Sum Seconds.csproj", "{3FB5B9FA-E7D4-4627-B512-E4E5C230B22A}"
EndProject
Project("{9A19103F-16F7-4668-BE54-9A1E7A4F7556}") = "02. Bonus Score", "02. Bonus Score\02. Bonus Score.csproj", "{8A6D8E76-E697-44F7-B2A9-08684861C47C}"
EndProject
Project("{9A19103F-16F7-4668-BE54-9A1E7A4F7556}") = "03. Time + 15 Minutes", "03. Time + 15 Minutes\03. Time + 15 Minutes.csproj", "{D0C23680-73D3-4C18-B80D-BC44B5D3088A}"
EndProject
Project("{9A19103F-16F7-4668-BE54-9A1E7A4F7556}") = "04. Toy Shop", "04. Toy Shop\04. Toy Shop.csproj", "{8C5F7744-C47D-4E6D-9931-F673AE3476BE}"
EndProject
Project("{FAE04EC0-301F-11D3-BF4B-00C04F79EFBC}") = "05. Godzilla vs. Kong", "05. Godzilla vs. Kong\05. Godzilla vs. Kong.csproj", "{CD2E19B9-BA6E-4F0D-B4BB-67FFEEB92AAE}"
EndProject
Project("{FAE04EC0-301F-11D3-BF4B-00C04F79EFBC}") = "06. World Swimming Record", "06. World Swimming Record\06. World Swimming Record.csproj", "{BEAE5153-FEBE-4A6B-ADD7-2DEC7E62775B}"
EndProject
Project("{FAE04EC0-301F-11D3-BF4B-00C04F79EFBC}") = "07. Shopping", "07. Shopping\07. Shopping.csproj", "{A96E2FFA-BDCA-4C30-9D65-170255A01D0F}"
EndProject
Project("{FAE04EC0-301F-11D3-BF4B-00C04F79EFBC}") = "08. Lunch Break", "08. Lunch Break\08. Lunch Break.csproj", "{4D5168F0-F3E5-4DAF-957E-ACF4073E8706}"
EndProject
Global
	GlobalSection(SolutionConfigurationPlatforms) = preSolution
		Debug|Any CPU = Debug|Any CPU
		Release|Any CPU = Release|Any CPU
	EndGlobalSection
	GlobalSection(ProjectConfigurationPlatforms) = postSolution
		{3FB5B9FA-E7D4-4627-B512-E4E5C230B22A}.Debug|Any CPU.ActiveCfg = Debug|Any CPU
		{3FB5B9FA-E7D4-4627-B512-E4E5C230B22A}.Debug|Any CPU.Build.0 = Debug|Any CPU
		{3FB5B9FA-E7D4-4627-B512-E4E5C230B22A}.Release|Any CPU.ActiveCfg = Release|Any CPU
		{3FB5B9FA-E7D4-4627-B512-E4E5C230B22A}.Release|Any CPU.Build.0 = Release|Any CPU
		{8A6D8E76-E697-44F7-B2A9-08684861C47C}.Debug|Any CPU.ActiveCfg = Debug|Any CPU
		{8A6D8E76-E697-44F7-B2A9-08684861C47C}.Debug|Any CPU.Build.0 = Debug|Any CPU
		{8A6D8E76-E697-44F7-B2A9-08684861C47C}.Release|Any CPU.ActiveCfg = Release|Any CPU
		{8A6D8E76-E697-44F7-B2A9-08684861C47C}.Release|Any CPU.Build.0 = Release|Any CPU
		{D0C23680-73D3-4C18-B80D-BC44B5D3088A}.Debug|Any CPU.ActiveCfg = Debug|Any CPU
		{D0C23680-73D3-4C18-B80D-BC44B5D3088A}.Debug|Any CPU.Build.0 = Debug|Any CPU
		{D0C23680-73D3-4C18-B80D-BC44B5D3088A}.Release|Any CPU.ActiveCfg = Release|Any CPU
		{D0C23680-73D3-4C18-B80D-BC44B5D3088A}.Release|Any CPU.Build.0 = Release|Any CPU
		{8C5F7744-C47D-4E6D-9931-F673AE3476BE}.Debug|Any CPU.ActiveCfg = Debug|Any CPU
		{8C5F7744-C47D-4E6D-9931-F673AE3476BE}.Debug|Any CPU.Build.0 = Debug|Any CPU
		{8C5F7744-C47D-4E6D-9931-F673AE3476BE}.Release|Any CPU.ActiveCfg = Release|Any CPU
		{8C5F7744-C47D-4E6D-9931-F673AE3476BE}.Release|Any CPU.Build.0 = Release|Any CPU
		{CD2E19B9-BA6E-4F0D-B4BB-67FFEEB92AAE}.Debug|Any CPU.ActiveCfg = Debug|Any CPU
		{CD2E19B9-BA6E-4F0D-B4BB-67FFEEB92AAE}.Debug|Any CPU.Build.0 = Debug|Any CPU
		{CD2E19B9-BA6E-4F0D-B4BB-67FFEEB92AAE}.Release|Any CPU.ActiveCfg = Release|Any CPU
		{CD2E19B9-BA6E-4F0D-B4BB-67FFEEB92AAE}.Release|Any CPU.Build.0 = Release|Any CPU
		{BEAE5153-FEBE-4A6B-ADD7-2DEC7E62775B}.Debug|Any CPU.ActiveCfg = Debug|Any CPU
		{BEAE5153-FEBE-4A6B-ADD7-2DEC7E62775B}.Debug|Any CPU.Build.0 = Debug|Any CPU
		{BEAE5153-FEBE-4A6B-ADD7-2DEC7E62775B}.Release|Any CPU.ActiveCfg = Release|Any CPU
		{BEAE5153-FEBE-4A6B-ADD7-2DEC7E62775B}.Release|Any CPU.Build.0 = Release|Any CPU
		{A96E2FFA-BDCA-4C30-9D65-170255A01D0F}.Debug|Any CPU.ActiveCfg = Debug|Any CPU
		{A96E2FFA-BDCA-4C30-9D65-170255A01D0F}.Debug|Any CPU.Build.0 = Debug|Any CPU
		{A96E2FFA-BDCA-4C30-9D65-170255A01D0F}.Release|Any CPU.ActiveCfg = Release|Any CPU
		{A96E2FFA-BDCA-4C30-9D65-170255A01D0F}.Release|Any CPU.Build.0 = Release|Any CPU
		{4D5168F0-F3E5-4DAF-957E-ACF4073E8706}.Debug|Any CPU.ActiveCfg = Debug|Any CPU
		{4D5168F0-F3E5-4DAF-957E-ACF4073E8706}.Debug|Any CPU.Build.0 = Debug|Any CPU
		{4D5168F0-F3E5-4DAF-957E-ACF4073E8706}.Release|Any CPU.ActiveCfg = Release|Any CPU
		{4D5168F0-F3E5-4DAF-957E-ACF4073E8706}.Release|Any CPU.Build.0 = Release|Any CPU
	EndGlobalSection
	GlobalSection(SolutionProperties) = preSolution
		HideSolutionNode = FALSE
	EndGlobalSection
	GlobalSection(ExtensibilityGlobals) = postSolution
		SolutionGuid = {EDF58609-A078-41EC-8212-26D835067C83}
	EndGlobalSection
EndGlobal
