
Microsoft Visual Studio Solution File, Format Version 12.00
# Visual Studio Version 17
VisualStudioVersion = 17.7.34031.279
MinimumVisualStudioVersion = 10.0.40219.1
Project("{9A19103F-16F7-4668-BE54-9A1E7A4F7556}") = "01. Convert Meters to Kilometers", "01. Convert Meters to Kilometers.csproj", "{D71BBF02-E249-4C0A-8C9C-40E67C3C1B58}"
EndProject
Project("{9A19103F-16F7-4668-BE54-9A1E7A4F7556}") = "02. Pounds to Dollars", "..\02. Pounds to Dollars\02. Pounds to Dollars.csproj", "{E26CBAC6-2D00-49A8-9CA3-BBE3BC6CAD23}"
EndProject
Project("{9A19103F-16F7-4668-BE54-9A1E7A4F7556}") = "03. Exact Sum of Real Numbers", "..\03. Exact Sum of Real Numbers\03. Exact Sum of Real Numbers.csproj", "{DEEC99E0-BA06-4092-882B-CBDE90832FB0}"
EndProject
Project("{9A19103F-16F7-4668-BE54-9A1E7A4F7556}") = "04. Centuries to Minutes", "..\04. Centuries to Minutes\04. Centuries to Minutes.csproj", "{2A4A8C92-28F1-4CF3-A63E-24681705DE94}"
EndProject
Project("{9A19103F-16F7-4668-BE54-9A1E7A4F7556}") = "05. Special Numberss", "..\05. Special Numberss\05. Special Numberss.csproj", "{F9FF0ADD-1041-4A7D-A973-6BF3CD6EC0CC}"
EndProject
Project("{9A19103F-16F7-4668-BE54-9A1E7A4F7556}") = "6. Reversed Chars", "..\6. Reversed Chars\6. Reversed Chars.csproj", "{EF1107BA-D7BF-4794-8D75-A61E887D0D0F}"
EndProject
Project("{9A19103F-16F7-4668-BE54-9A1E7A4F7556}") = "07. Concat Names", "..\07. Concat Names\07. Concat Names.csproj", "{B5ECE28F-7E40-481C-8302-0A0E04530965}"
EndProject
Project("{9A19103F-16F7-4668-BE54-9A1E7A4F7556}") = "08. Town Info", "..\08. Town Info\08. Town Info.csproj", "{8E06A630-B15E-4597-A188-E67E8D2C697F}"
EndProject
Project("{9A19103F-16F7-4668-BE54-9A1E7A4F7556}") = "09. Chars to String", "..\09. Chars to String\09. Chars to String.csproj", "{397DB1BB-E18B-4271-9607-D84125A40CEF}"
EndProject
Project("{9A19103F-16F7-4668-BE54-9A1E7A4F7556}") = "10. Lower or Upper", "..\10. Lower or Upper\10. Lower or Upper.csproj", "{6F36A528-630D-4404-8D02-E3B4F709627C}"
EndProject
Project("{FAE04EC0-301F-11D3-BF4B-00C04F79EFBC}") = "11. Refactor Volume of Pyramid", "..\11. Refactor Volume of Pyramid\11. Refactor Volume of Pyramid.csproj", "{47765E22-EDF6-4142-9032-673D38B76747}"
EndProject
Project("{FAE04EC0-301F-11D3-BF4B-00C04F79EFBC}") = "12. Refactor Special Numbers", "..\12. Refactor Special Numbers\12. Refactor Special Numbers.csproj", "{5003079C-046A-4BA3-B648-2509C474577D}"
EndProject
Global
	GlobalSection(SolutionConfigurationPlatforms) = preSolution
		Debug|Any CPU = Debug|Any CPU
		Release|Any CPU = Release|Any CPU
	EndGlobalSection
	GlobalSection(ProjectConfigurationPlatforms) = postSolution
		{D71BBF02-E249-4C0A-8C9C-40E67C3C1B58}.Debug|Any CPU.ActiveCfg = Debug|Any CPU
		{D71BBF02-E249-4C0A-8C9C-40E67C3C1B58}.Debug|Any CPU.Build.0 = Debug|Any CPU
		{D71BBF02-E249-4C0A-8C9C-40E67C3C1B58}.Release|Any CPU.ActiveCfg = Release|Any CPU
		{D71BBF02-E249-4C0A-8C9C-40E67C3C1B58}.Release|Any CPU.Build.0 = Release|Any CPU
		{E26CBAC6-2D00-49A8-9CA3-BBE3BC6CAD23}.Debug|Any CPU.ActiveCfg = Debug|Any CPU
		{E26CBAC6-2D00-49A8-9CA3-BBE3BC6CAD23}.Debug|Any CPU.Build.0 = Debug|Any CPU
		{E26CBAC6-2D00-49A8-9CA3-BBE3BC6CAD23}.Release|Any CPU.ActiveCfg = Release|Any CPU
		{E26CBAC6-2D00-49A8-9CA3-BBE3BC6CAD23}.Release|Any CPU.Build.0 = Release|Any CPU
		{DEEC99E0-BA06-4092-882B-CBDE90832FB0}.Debug|Any CPU.ActiveCfg = Debug|Any CPU
		{DEEC99E0-BA06-4092-882B-CBDE90832FB0}.Debug|Any CPU.Build.0 = Debug|Any CPU
		{DEEC99E0-BA06-4092-882B-CBDE90832FB0}.Release|Any CPU.ActiveCfg = Release|Any CPU
		{DEEC99E0-BA06-4092-882B-CBDE90832FB0}.Release|Any CPU.Build.0 = Release|Any CPU
		{2A4A8C92-28F1-4CF3-A63E-24681705DE94}.Debug|Any CPU.ActiveCfg = Debug|Any CPU
		{2A4A8C92-28F1-4CF3-A63E-24681705DE94}.Debug|Any CPU.Build.0 = Debug|Any CPU
		{2A4A8C92-28F1-4CF3-A63E-24681705DE94}.Release|Any CPU.ActiveCfg = Release|Any CPU
		{2A4A8C92-28F1-4CF3-A63E-24681705DE94}.Release|Any CPU.Build.0 = Release|Any CPU
		{F9FF0ADD-1041-4A7D-A973-6BF3CD6EC0CC}.Debug|Any CPU.ActiveCfg = Debug|Any CPU
		{F9FF0ADD-1041-4A7D-A973-6BF3CD6EC0CC}.Debug|Any CPU.Build.0 = Debug|Any CPU
		{F9FF0ADD-1041-4A7D-A973-6BF3CD6EC0CC}.Release|Any CPU.ActiveCfg = Release|Any CPU
		{F9FF0ADD-1041-4A7D-A973-6BF3CD6EC0CC}.Release|Any CPU.Build.0 = Release|Any CPU
		{EF1107BA-D7BF-4794-8D75-A61E887D0D0F}.Debug|Any CPU.ActiveCfg = Debug|Any CPU
		{EF1107BA-D7BF-4794-8D75-A61E887D0D0F}.Debug|Any CPU.Build.0 = Debug|Any CPU
		{EF1107BA-D7BF-4794-8D75-A61E887D0D0F}.Release|Any CPU.ActiveCfg = Release|Any CPU
		{EF1107BA-D7BF-4794-8D75-A61E887D0D0F}.Release|Any CPU.Build.0 = Release|Any CPU
		{B5ECE28F-7E40-481C-8302-0A0E04530965}.Debug|Any CPU.ActiveCfg = Debug|Any CPU
		{B5ECE28F-7E40-481C-8302-0A0E04530965}.Debug|Any CPU.Build.0 = Debug|Any CPU
		{B5ECE28F-7E40-481C-8302-0A0E04530965}.Release|Any CPU.ActiveCfg = Release|Any CPU
		{B5ECE28F-7E40-481C-8302-0A0E04530965}.Release|Any CPU.Build.0 = Release|Any CPU
		{8E06A630-B15E-4597-A188-E67E8D2C697F}.Debug|Any CPU.ActiveCfg = Debug|Any CPU
		{8E06A630-B15E-4597-A188-E67E8D2C697F}.Debug|Any CPU.Build.0 = Debug|Any CPU
		{8E06A630-B15E-4597-A188-E67E8D2C697F}.Release|Any CPU.ActiveCfg = Release|Any CPU
		{8E06A630-B15E-4597-A188-E67E8D2C697F}.Release|Any CPU.Build.0 = Release|Any CPU
		{397DB1BB-E18B-4271-9607-D84125A40CEF}.Debug|Any CPU.ActiveCfg = Debug|Any CPU
		{397DB1BB-E18B-4271-9607-D84125A40CEF}.Debug|Any CPU.Build.0 = Debug|Any CPU
		{397DB1BB-E18B-4271-9607-D84125A40CEF}.Release|Any CPU.ActiveCfg = Release|Any CPU
		{397DB1BB-E18B-4271-9607-D84125A40CEF}.Release|Any CPU.Build.0 = Release|Any CPU
		{6F36A528-630D-4404-8D02-E3B4F709627C}.Debug|Any CPU.ActiveCfg = Debug|Any CPU
		{6F36A528-630D-4404-8D02-E3B4F709627C}.Debug|Any CPU.Build.0 = Debug|Any CPU
		{6F36A528-630D-4404-8D02-E3B4F709627C}.Release|Any CPU.ActiveCfg = Release|Any CPU
		{6F36A528-630D-4404-8D02-E3B4F709627C}.Release|Any CPU.Build.0 = Release|Any CPU
		{47765E22-EDF6-4142-9032-673D38B76747}.Debug|Any CPU.ActiveCfg = Debug|Any CPU
		{47765E22-EDF6-4142-9032-673D38B76747}.Debug|Any CPU.Build.0 = Debug|Any CPU
		{47765E22-EDF6-4142-9032-673D38B76747}.Release|Any CPU.ActiveCfg = Release|Any CPU
		{47765E22-EDF6-4142-9032-673D38B76747}.Release|Any CPU.Build.0 = Release|Any CPU
		{5003079C-046A-4BA3-B648-2509C474577D}.Debug|Any CPU.ActiveCfg = Debug|Any CPU
		{5003079C-046A-4BA3-B648-2509C474577D}.Debug|Any CPU.Build.0 = Debug|Any CPU
		{5003079C-046A-4BA3-B648-2509C474577D}.Release|Any CPU.ActiveCfg = Release|Any CPU
		{5003079C-046A-4BA3-B648-2509C474577D}.Release|Any CPU.Build.0 = Release|Any CPU
	EndGlobalSection
	GlobalSection(SolutionProperties) = preSolution
		HideSolutionNode = FALSE
	EndGlobalSection
	GlobalSection(ExtensibilityGlobals) = postSolution
		SolutionGuid = {F93B6688-B33F-4C13-88CE-AECB5DAE6264}
	EndGlobalSection
EndGlobal
