
Microsoft Visual Studio Solution File, Format Version 12.00
# Visual Studio Version 17
VisualStudioVersion = 17.6.33829.357
MinimumVisualStudioVersion = 10.0.40219.1
Project("{9A19103F-16F7-4668-BE54-9A1E7A4F7556}") = "01", "Exam\01.csproj", "{79CC8F13-D434-43CE-B664-AA7BED30038B}"
EndProject
Project("{9A19103F-16F7-4668-BE54-9A1E7A4F7556}") = "02", "02\02.csproj", "{BE110534-B38A-4295-80BC-846F4C7BE9FF}"
EndProject
Project("{9A19103F-16F7-4668-BE54-9A1E7A4F7556}") = "03", "03\03.csproj", "{22038CA5-71C1-4B26-A94F-76AD73371888}"
EndProject
Project("{9A19103F-16F7-4668-BE54-9A1E7A4F7556}") = "04", "04\04.csproj", "{CABE26FD-5B00-4522-B921-635471A1D8F0}"
EndProject
Project("{9A19103F-16F7-4668-BE54-9A1E7A4F7556}") = "05", "05\05.csproj", "{791EF9D2-3BE7-42AE-8B2C-7F7DF007AD97}"
EndProject
Project("{9A19103F-16F7-4668-BE54-9A1E7A4F7556}") = "06", "06\06.csproj", "{1A177FD9-E8DC-41C6-8265-435B51233047}"
EndProject
Project("{FAE04EC0-301F-11D3-BF4B-00C04F79EFBC}") = "02.02", "02.02\02.02.csproj", "{8410B0FC-84D9-4BCF-8CB3-E63AE947CA57}"
EndProject
Project("{FAE04EC0-301F-11D3-BF4B-00C04F79EFBC}") = "01 experiment", "01 experiment\01 experiment.csproj", "{9EE5B568-F535-4F20-BF81-7829EC1B1AAF}"
EndProject
Project("{FAE04EC0-301F-11D3-BF4B-00C04F79EFBC}") = "Финал 6", "ChatGPT\Финал 6.csproj", "{F9664A93-C99C-4B45-A983-0CB722F5EAF0}"
EndProject
Global
	GlobalSection(SolutionConfigurationPlatforms) = preSolution
		Debug|Any CPU = Debug|Any CPU
		Release|Any CPU = Release|Any CPU
	EndGlobalSection
	GlobalSection(ProjectConfigurationPlatforms) = postSolution
		{79CC8F13-D434-43CE-B664-AA7BED30038B}.Debug|Any CPU.ActiveCfg = Debug|Any CPU
		{79CC8F13-D434-43CE-B664-AA7BED30038B}.Debug|Any CPU.Build.0 = Debug|Any CPU
		{79CC8F13-D434-43CE-B664-AA7BED30038B}.Release|Any CPU.ActiveCfg = Release|Any CPU
		{79CC8F13-D434-43CE-B664-AA7BED30038B}.Release|Any CPU.Build.0 = Release|Any CPU
		{BE110534-B38A-4295-80BC-846F4C7BE9FF}.Debug|Any CPU.ActiveCfg = Debug|Any CPU
		{BE110534-B38A-4295-80BC-846F4C7BE9FF}.Debug|Any CPU.Build.0 = Debug|Any CPU
		{BE110534-B38A-4295-80BC-846F4C7BE9FF}.Release|Any CPU.ActiveCfg = Release|Any CPU
		{BE110534-B38A-4295-80BC-846F4C7BE9FF}.Release|Any CPU.Build.0 = Release|Any CPU
		{22038CA5-71C1-4B26-A94F-76AD73371888}.Debug|Any CPU.ActiveCfg = Debug|Any CPU
		{22038CA5-71C1-4B26-A94F-76AD73371888}.Debug|Any CPU.Build.0 = Debug|Any CPU
		{22038CA5-71C1-4B26-A94F-76AD73371888}.Release|Any CPU.ActiveCfg = Release|Any CPU
		{22038CA5-71C1-4B26-A94F-76AD73371888}.Release|Any CPU.Build.0 = Release|Any CPU
		{CABE26FD-5B00-4522-B921-635471A1D8F0}.Debug|Any CPU.ActiveCfg = Debug|Any CPU
		{CABE26FD-5B00-4522-B921-635471A1D8F0}.Debug|Any CPU.Build.0 = Debug|Any CPU
		{CABE26FD-5B00-4522-B921-635471A1D8F0}.Release|Any CPU.ActiveCfg = Release|Any CPU
		{CABE26FD-5B00-4522-B921-635471A1D8F0}.Release|Any CPU.Build.0 = Release|Any CPU
		{791EF9D2-3BE7-42AE-8B2C-7F7DF007AD97}.Debug|Any CPU.ActiveCfg = Debug|Any CPU
		{791EF9D2-3BE7-42AE-8B2C-7F7DF007AD97}.Debug|Any CPU.Build.0 = Debug|Any CPU
		{791EF9D2-3BE7-42AE-8B2C-7F7DF007AD97}.Release|Any CPU.ActiveCfg = Release|Any CPU
		{791EF9D2-3BE7-42AE-8B2C-7F7DF007AD97}.Release|Any CPU.Build.0 = Release|Any CPU
		{1A177FD9-E8DC-41C6-8265-435B51233047}.Debug|Any CPU.ActiveCfg = Debug|Any CPU
		{1A177FD9-E8DC-41C6-8265-435B51233047}.Debug|Any CPU.Build.0 = Debug|Any CPU
		{1A177FD9-E8DC-41C6-8265-435B51233047}.Release|Any CPU.ActiveCfg = Release|Any CPU
		{1A177FD9-E8DC-41C6-8265-435B51233047}.Release|Any CPU.Build.0 = Release|Any CPU
		{8410B0FC-84D9-4BCF-8CB3-E63AE947CA57}.Debug|Any CPU.ActiveCfg = Debug|Any CPU
		{8410B0FC-84D9-4BCF-8CB3-E63AE947CA57}.Debug|Any CPU.Build.0 = Debug|Any CPU
		{8410B0FC-84D9-4BCF-8CB3-E63AE947CA57}.Release|Any CPU.ActiveCfg = Release|Any CPU
		{8410B0FC-84D9-4BCF-8CB3-E63AE947CA57}.Release|Any CPU.Build.0 = Release|Any CPU
		{9EE5B568-F535-4F20-BF81-7829EC1B1AAF}.Debug|Any CPU.ActiveCfg = Debug|Any CPU
		{9EE5B568-F535-4F20-BF81-7829EC1B1AAF}.Debug|Any CPU.Build.0 = Debug|Any CPU
		{9EE5B568-F535-4F20-BF81-7829EC1B1AAF}.Release|Any CPU.ActiveCfg = Release|Any CPU
		{9EE5B568-F535-4F20-BF81-7829EC1B1AAF}.Release|Any CPU.Build.0 = Release|Any CPU
		{F9664A93-C99C-4B45-A983-0CB722F5EAF0}.Debug|Any CPU.ActiveCfg = Debug|Any CPU
		{F9664A93-C99C-4B45-A983-0CB722F5EAF0}.Debug|Any CPU.Build.0 = Debug|Any CPU
		{F9664A93-C99C-4B45-A983-0CB722F5EAF0}.Release|Any CPU.ActiveCfg = Release|Any CPU
		{F9664A93-C99C-4B45-A983-0CB722F5EAF0}.Release|Any CPU.Build.0 = Release|Any CPU
	EndGlobalSection
	GlobalSection(SolutionProperties) = preSolution
		HideSolutionNode = FALSE
	EndGlobalSection
	GlobalSection(ExtensibilityGlobals) = postSolution
		SolutionGuid = {B5FD3FAF-12C6-4F3E-9848-110D6A0DE0DC}
	EndGlobalSection
EndGlobal
