
Microsoft Visual Studio Solution File, Format Version 12.00
# Visual Studio Version 17
VisualStudioVersion = 17.6.33829.357
MinimumVisualStudioVersion = 10.0.40219.1
Project("{FAE04EC0-301F-11D3-BF4B-00C04F79EFBC}") = "Preparation for exam", "Preparation for exam\Preparation for exam.csproj", "{EE59B491-D08B-4DB5-AFAB-F2DC40624F25}"
EndProject
Project("{FAE04EC0-301F-11D3-BF4B-00C04F79EFBC}") = "Skeleton", "ConsoleApp1\Skeleton.csproj", "{E6AA198C-F31D-4FEC-8DA4-3F695E19533B}"
EndProject
Project("{FAE04EC0-301F-11D3-BF4B-00C04F79EFBC}") = "3", "3\3.csproj", "{F9437A54-FA3A-461B-9146-8C41D84B7297}"
EndProject
Project("{FAE04EC0-301F-11D3-BF4B-00C04F79EFBC}") = "4. balls", "4. balls\4. balls.csproj", "{7D373E94-3973-4D70-8006-AC7762EA2014}"
EndProject
Project("{FAE04EC0-301F-11D3-BF4B-00C04F79EFBC}") = "05.Dog care", "05.Dog care\05.Dog care.csproj", "{7712B3F2-05FE-4544-B2F7-B874FB5EA500}"
EndProject
Project("{FAE04EC0-301F-11D3-BF4B-00C04F79EFBC}") = "Easter", "Easter\Easter.csproj", "{CE33A621-21A7-4821-888B-A5C0CBC6470C}"
EndProject
Global
	GlobalSection(SolutionConfigurationPlatforms) = preSolution
		Debug|Any CPU = Debug|Any CPU
		Release|Any CPU = Release|Any CPU
	EndGlobalSection
	GlobalSection(ProjectConfigurationPlatforms) = postSolution
		{EE59B491-D08B-4DB5-AFAB-F2DC40624F25}.Debug|Any CPU.ActiveCfg = Debug|Any CPU
		{EE59B491-D08B-4DB5-AFAB-F2DC40624F25}.Debug|Any CPU.Build.0 = Debug|Any CPU
		{EE59B491-D08B-4DB5-AFAB-F2DC40624F25}.Release|Any CPU.ActiveCfg = Release|Any CPU
		{EE59B491-D08B-4DB5-AFAB-F2DC40624F25}.Release|Any CPU.Build.0 = Release|Any CPU
		{E6AA198C-F31D-4FEC-8DA4-3F695E19533B}.Debug|Any CPU.ActiveCfg = Debug|Any CPU
		{E6AA198C-F31D-4FEC-8DA4-3F695E19533B}.Debug|Any CPU.Build.0 = Debug|Any CPU
		{E6AA198C-F31D-4FEC-8DA4-3F695E19533B}.Release|Any CPU.ActiveCfg = Release|Any CPU
		{E6AA198C-F31D-4FEC-8DA4-3F695E19533B}.Release|Any CPU.Build.0 = Release|Any CPU
		{F9437A54-FA3A-461B-9146-8C41D84B7297}.Debug|Any CPU.ActiveCfg = Debug|Any CPU
		{F9437A54-FA3A-461B-9146-8C41D84B7297}.Debug|Any CPU.Build.0 = Debug|Any CPU
		{F9437A54-FA3A-461B-9146-8C41D84B7297}.Release|Any CPU.ActiveCfg = Release|Any CPU
		{F9437A54-FA3A-461B-9146-8C41D84B7297}.Release|Any CPU.Build.0 = Release|Any CPU
		{7D373E94-3973-4D70-8006-AC7762EA2014}.Debug|Any CPU.ActiveCfg = Debug|Any CPU
		{7D373E94-3973-4D70-8006-AC7762EA2014}.Debug|Any CPU.Build.0 = Debug|Any CPU
		{7D373E94-3973-4D70-8006-AC7762EA2014}.Release|Any CPU.ActiveCfg = Release|Any CPU
		{7D373E94-3973-4D70-8006-AC7762EA2014}.Release|Any CPU.Build.0 = Release|Any CPU
		{7712B3F2-05FE-4544-B2F7-B874FB5EA500}.Debug|Any CPU.ActiveCfg = Debug|Any CPU
		{7712B3F2-05FE-4544-B2F7-B874FB5EA500}.Debug|Any CPU.Build.0 = Debug|Any CPU
		{7712B3F2-05FE-4544-B2F7-B874FB5EA500}.Release|Any CPU.ActiveCfg = Release|Any CPU
		{7712B3F2-05FE-4544-B2F7-B874FB5EA500}.Release|Any CPU.Build.0 = Release|Any CPU
		{CE33A621-21A7-4821-888B-A5C0CBC6470C}.Debug|Any CPU.ActiveCfg = Debug|Any CPU
		{CE33A621-21A7-4821-888B-A5C0CBC6470C}.Debug|Any CPU.Build.0 = Debug|Any CPU
		{CE33A621-21A7-4821-888B-A5C0CBC6470C}.Release|Any CPU.ActiveCfg = Release|Any CPU
		{CE33A621-21A7-4821-888B-A5C0CBC6470C}.Release|Any CPU.Build.0 = Release|Any CPU
	EndGlobalSection
	GlobalSection(SolutionProperties) = preSolution
		HideSolutionNode = FALSE
	EndGlobalSection
	GlobalSection(ExtensibilityGlobals) = postSolution
		SolutionGuid = {416C1113-0F7F-4229-A403-527E568F72E1}
	EndGlobalSection
EndGlobal
