
Microsoft Visual Studio Solution File, Format Version 12.00
# Visual Studio Version 17
VisualStudioVersion = 17.6.33723.286
MinimumVisualStudioVersion = 10.0.40219.1
Project("{FAE04EC0-301F-11D3-BF4B-00C04F79EFBC}") = "Repainting", "Repainting\Repainting.csproj", "{5CB123E7-161A-41C4-9D74-50C7A5DD214E}"
EndProject
Global
	GlobalSection(SolutionConfigurationPlatforms) = preSolution
		Debug|Any CPU = Debug|Any CPU
		Release|Any CPU = Release|Any CPU
	EndGlobalSection
	GlobalSection(ProjectConfigurationPlatforms) = postSolution
		{5CB123E7-161A-41C4-9D74-50C7A5DD214E}.Debug|Any CPU.ActiveCfg = Debug|Any CPU
		{5CB123E7-161A-41C4-9D74-50C7A5DD214E}.Debug|Any CPU.Build.0 = Debug|Any CPU
		{5CB123E7-161A-41C4-9D74-50C7A5DD214E}.Release|Any CPU.ActiveCfg = Release|Any CPU
		{5CB123E7-161A-41C4-9D74-50C7A5DD214E}.Release|Any CPU.Build.0 = Release|Any CPU
	EndGlobalSection
	GlobalSection(SolutionProperties) = preSolution
		HideSolutionNode = FALSE
	EndGlobalSection
	GlobalSection(ExtensibilityGlobals) = postSolution
		SolutionGuid = {960433A8-BFF0-4D4F-8685-C54DA9CFBB0A}
	EndGlobalSection
EndGlobal
